name: Update cleanup lock

on:
  push:
    branches:
      - cleanup/flake-structure-inputs

permissions:
  contents: write

jobs:
  update-lock:
    if: github.actor != 'github-actions[bot]'
    runs-on: ubuntu-latest
    steps:
      - uses: actions/checkout@v4
        with:
          fetch-depth: 0
      - uses: DeterminateSystems/nix-installer-action@main
      - name: Update inputs
        run: nix flake update --accept-flake-config
      - name: Evaluate flake
        run: nix flake check --no-build --accept-flake-config
      - name: Commit lock file
        run: |
          if git diff --quiet -- flake.lock; then
            exit 0
          fi
          git config user.name github-actions[bot]
          git config user.email 41898282+github-actions[bot]@users.noreply.github.com
          git add flake.lock
          git commit -m "chore: update flake inputs"
          git push
